[[package]]
category = "main"
description = "Python package for providing Mozilla's CA Bundle."
name = "certifi"
optional = false
python-versions = "*"
version = "2020.6.20"

[[package]]
category = "main"
description = "Universal encoding detector for Python 2 and 3"
name = "chardet"
optional = false
python-versions = "*"
version = "3.0.4"

[[package]]
category = "main"
description = "Composable command line interface toolkit"
name = "click"
optional = false
python-versions = ">=2.7, !=3.0.*, !=3.1.*, !=3.2.*, !=3.3.*, !=3.4.*"
version = "7.1.2"

[[package]]
category = "main"
description = "A platform independent file lock."
name = "filelock"
optional = false
python-versions = "*"
version = "3.0.12"

[[package]]
category = "main"
description = "Clean single-source support for Python 3 and 2"
name = "future"
optional = false
python-versions = ">=2.6, !=3.0.*, !=3.1.*, !=3.2.*"
version = "0.18.2"

[[package]]
category = "main"
description = "Internationalized Domain Names in Applications (IDNA)"
name = "idna"
optional = false
python-versions = ">=2.7, !=3.0.*, !=3.1.*, !=3.2.*, !=3.3.*"
version = "2.10"

[[package]]
category = "main"
description = "Lightweight pipelining: using Python functions as pipeline jobs."
name = "joblib"
optional = false
python-versions = ">=3.6"
version = "0.17.0"

[[package]]
category = "main"
description = "Natural Language Toolkit"
name = "nltk"
optional = false
python-versions = "*"
version = "3.5"

[package.dependencies]
click = "*"
joblib = "*"
regex = "*"
tqdm = "*"

[package.extras]
all = ["requests", "numpy", "python-crfsuite", "scikit-learn", "twython", "pyparsing", "scipy", "matplotlib", "gensim"]
corenlp = ["requests"]
machine_learning = ["gensim", "numpy", "python-crfsuite", "scikit-learn", "scipy"]
plot = ["matplotlib"]
tgrep = ["pyparsing"]
twitter = ["twython"]

[[package]]
category = "main"
description = "NumPy is the fundamental package for array computing with Python."
name = "numpy"
optional = false
python-versions = ">=3.6"
version = "1.19.2"

[[package]]
category = "main"
description = "Core utilities for Python packages"
name = "packaging"
optional = false
python-versions = ">=2.7, !=3.0.*, !=3.1.*, !=3.2.*, !=3.3.*"
version = "20.4"

[package.dependencies]
pyparsing = ">=2.0.2"
six = "*"

[[package]]
category = "main"
description = "Python parsing module"
name = "pyparsing"
optional = false
python-versions = ">=2.6, !=3.0.*, !=3.1.*, !=3.2.*"
version = "2.4.7"

[[package]]
category = "main"
description = "Alternative regular expression module, to replace re."
name = "regex"
optional = false
python-versions = "*"
version = "2020.9.27"

[[package]]
category = "main"
description = "Python HTTP for Humans."
name = "requests"
optional = false
python-versions = ">=2.7, !=3.0.*, !=3.1.*, !=3.2.*, !=3.3.*, !=3.4.*"
version = "2.24.0"

[package.dependencies]
certifi = ">=2017.4.17"
chardet = ">=3.0.2,<4"
idna = ">=2.5,<3"
urllib3 = ">=1.21.1,<1.25.0 || >1.25.0,<1.25.1 || >1.25.1,<1.26"

[package.extras]
security = ["pyOpenSSL (>=0.14)", "cryptography (>=1.3.4)"]
socks = ["PySocks (>=1.5.6,<1.5.7 || >1.5.7)", "win-inet-pton"]

[[package]]
category = "main"
description = "SacreMoses"
name = "sacremoses"
optional = false
python-versions = "*"
version = "0.0.43"

[package.dependencies]
click = "*"
joblib = "*"
regex = "*"
six = "*"
tqdm = "*"

[[package]]
category = "main"
description = "A set of python modules for machine learning and data mining"
name = "scikit-learn"
optional = false
python-versions = ">=3.6"
version = "0.23.2"

[package.dependencies]
joblib = ">=0.11"
numpy = ">=1.13.3"
scipy = ">=0.19.1"
threadpoolctl = ">=2.0.0"

[package.extras]
alldeps = ["numpy (>=1.13.3)", "scipy (>=0.19.1)"]

[[package]]
category = "main"
description = "SciPy: Scientific Library for Python"
name = "scipy"
optional = false
python-versions = ">=3.6"
version = "1.5.2"

[package.dependencies]
numpy = ">=1.14.5"

[[package]]
category = "main"
description = "SentencePiece python wrapper"
name = "sentencepiece"
optional = false
python-versions = "*"
version = "0.1.91"

[[package]]
category = "main"
description = "Python 2 and 3 compatibility utilities"
name = "six"
optional = false
python-versions = ">=2.7, !=3.0.*, !=3.1.*, !=3.2.*"
version = "1.15.0"

[[package]]
category = "main"
description = "threadpoolctl"
name = "threadpoolctl"
optional = false
python-versions = ">=3.5"
version = "2.1.0"

[[package]]
category = "main"
description = "Fast and Customizable Tokenizers"
name = "tokenizers"
optional = false
python-versions = "*"
version = "0.8.1rc2"

[package.extras]
testing = ["pytest"]

[[package]]
category = "main"
description = "Tensors and Dynamic neural networks in Python with strong GPU acceleration"
name = "torch"
optional = false
python-versions = ">=3.6.1"
version = "1.6.0"

[package.dependencies]
future = "*"
numpy = "*"

[[package]]
category = "main"
description = "Fast, Extensible Progress Meter"
name = "tqdm"
optional = false
python-versions = ">=2.6, !=3.0.*, !=3.1.*"
version = "4.50.2"

[package.extras]
dev = ["py-make (>=0.1.0)", "twine", "argopt", "pydoc-markdown"]

[[package]]
category = "main"
description = "State-of-the-art Natural Language Processing for TensorFlow 2.0 and PyTorch"
name = "transformers"
optional = false
python-versions = ">=3.6.0"
version = "3.3.1"

[package.dependencies]
filelock = "*"
numpy = "*"
packaging = "*"
regex = "!=2019.12.17"
requests = "*"
sacremoses = "*"
sentencepiece = "!=0.1.92"
tokenizers = "0.8.1.rc2"
tqdm = ">=4.27"

[package.extras]
all = ["pydantic", "uvicorn", "fastapi", "starlette", "tensorflow", "torch"]
dev = ["pytest", "pytest-xdist", "timeout-decorator", "parameterized", "psutil", "faiss-cpu", "datasets", "black (>=20.8b1)", "isort (>=5)", "flake8 (>=3.8.3)", "fugashi (>=1.0)", "ipadic (>=1.0.0,<2.0)", "unidic-lite (>=1.0.7)", "unidic (>=1.0.2)", "scikit-learn", "tensorflow", "torch"]
docs = ["recommonmark", "sphinx", "sphinx-markdown-tables", "sphinx-rtd-theme (0.4.3)", "sphinx-copybutton"]
ja = ["fugashi (>=1.0)", "ipadic (>=1.0.0,<2.0)", "unidic-lite (>=1.0.7)", "unidic (>=1.0.2)"]
onnxruntime = ["onnxruntime (>=1.4.0)", "onnxruntime-tools (>=1.4.2)"]
quality = ["black (>=20.8b1)", "isort (>=5)", "flake8 (>=3.8.3)"]
retrieval = ["faiss-cpu", "datasets"]
serving = ["pydantic", "uvicorn", "fastapi", "starlette"]
sklearn = ["scikit-learn"]
testing = ["pytest", "pytest-xdist", "timeout-decorator", "parameterized", "psutil", "faiss-cpu", "datasets"]
tf = ["tensorflow (>=2.0)", "onnxconverter-common", "keras2onnx"]
tf-cpu = ["tensorflow-cpu (>=2.0)", "onnxconverter-common", "keras2onnx"]
torch = ["torch (>=1.0)"]

[[package]]
category = "main"
description = "HTTP library with thread-safe connection pooling, file post, and more."
name = "urllib3"
optional = false
python-versions = ">=2.7, !=3.0.*, !=3.1.*, !=3.2.*, !=3.3.*, !=3.4.*, <4"
version = "1.25.10"

[package.extras]
brotli = ["brotlipy (>=0.6.0)"]
secure = ["certifi", "cryptography (>=1.3.4)", "idna (>=2.0.0)", "pyOpenSSL (>=0.14)", "ipaddress"]
socks = ["PySocks (>=1.5.6,<1.5.7 || >1.5.7,<2.0)"]

[metadata]
content-hash = "00b1a055794da1775a5a1fe2b5739bf7d576e15fc279c01973e049bb18e25574"
python-versions = "^3.7"

[metadata.files]
certifi = [
    {file = "certifi-2020.6.20-py2.py3-none-any.whl", hash = "sha256:8fc0819f1f30ba15bdb34cceffb9ef04d99f420f68eb75d901e9560b8749fc41"},
    {file = "certifi-2020.6.20.tar.gz", hash = "sha256:5930595817496dd21bb8dc35dad090f1c2cd0adfaf21204bf6732ca5d8ee34d3"},
]
chardet = [
    {file = "chardet-3.0.4-py2.py3-none-any.whl", hash = "sha256:fc323ffcaeaed0e0a02bf4d117757b98aed530d9ed4531e3e15460124c106691"},
    {file = "chardet-3.0.4.tar.gz", hash = "sha256:84ab92ed1c4d4f16916e05906b6b75a6c0fb5db821cc65e70cbd64a3e2a5eaae"},
]
click = [
    {file = "click-7.1.2-py2.py3-none-any.whl", hash = "sha256:dacca89f4bfadd5de3d7489b7c8a566eee0d3676333fbb50030263894c38c0dc"},
    {file = "click-7.1.2.tar.gz", hash = "sha256:d2b5255c7c6349bc1bd1e59e08cd12acbbd63ce649f2588755783aa94dfb6b1a"},
]
filelock = [
    {file = "filelock-3.0.12-py3-none-any.whl", hash = "sha256:929b7d63ec5b7d6b71b0fa5ac14e030b3f70b75747cef1b10da9b879fef15836"},
    {file = "filelock-3.0.12.tar.gz", hash = "sha256:18d82244ee114f543149c66a6e0c14e9c4f8a1044b5cdaadd0f82159d6a6ff59"},
]
future = [
    {file = "future-0.18.2.tar.gz", hash = "sha256:b1bead90b70cf6ec3f0710ae53a525360fa360d306a86583adc6bf83a4db537d"},
]
idna = [
    {file = "idna-2.10-py2.py3-none-any.whl", hash = "sha256:b97d804b1e9b523befed77c48dacec60e6dcb0b5391d57af6a65a312a90648c0"},
    {file = "idna-2.10.tar.gz", hash = "sha256:b307872f855b18632ce0c21c5e45be78c0ea7ae4c15c828c20788b26921eb3f6"},
]
joblib = [
    {file = "joblib-0.17.0-py3-none-any.whl", hash = "sha256:698c311779f347cf6b7e6b8a39bb682277b8ee4aba8cf9507bc0cf4cd4737b72"},
    {file = "joblib-0.17.0.tar.gz", hash = "sha256:9e284edd6be6b71883a63c9b7f124738a3c16195513ad940eae7e3438de885d5"},
]
nltk = [
    {file = "nltk-3.5.zip", hash = "sha256:845365449cd8c5f9731f7cb9f8bd6fd0767553b9d53af9eb1b3abf7700936b35"},
]
numpy = [
    {file = "numpy-1.19.2-cp36-cp36m-macosx_10_9_x86_64.whl", hash = "sha256:b594f76771bc7fc8a044c5ba303427ee67c17a09b36e1fa32bde82f5c419d17a"},
    {file = "numpy-1.19.2-cp36-cp36m-manylinux1_i686.whl", hash = "sha256:e6ddbdc5113628f15de7e4911c02aed74a4ccff531842c583e5032f6e5a179bd"},
    {file = "numpy-1.19.2-cp36-cp36m-manylinux1_x86_64.whl", hash = "sha256:3733640466733441295b0d6d3dcbf8e1ffa7e897d4d82903169529fd3386919a"},
    {file = "numpy-1.19.2-cp36-cp36m-manylinux2010_i686.whl", hash = "sha256:4339741994c775396e1a274dba3609c69ab0f16056c1077f18979bec2a2c2e6e"},
    {file = "numpy-1.19.2-cp36-cp36m-manylinux2010_x86_64.whl", hash = "sha256:7c6646314291d8f5ea900a7ea9c4261f834b5b62159ba2abe3836f4fa6705526"},
    {file = "numpy-1.19.2-cp36-cp36m-manylinux2014_aarch64.whl", hash = "sha256:7118f0a9f2f617f921ec7d278d981244ba83c85eea197be7c5a4f84af80a9c3c"},
    {file = "numpy-1.19.2-cp36-cp36m-win32.whl", hash = "sha256:9a3001248b9231ed73894c773142658bab914645261275f675d86c290c37f66d"},
    {file = "numpy-1.19.2-cp36-cp36m-win_amd64.whl", hash = "sha256:967c92435f0b3ba37a4257c48b8715b76741410467e2bdb1097e8391fccfae15"},
    {file = "numpy-1.19.2-cp37-cp37m-macosx_10_9_x86_64.whl", hash = "sha256:d526fa58ae4aead839161535d59ea9565863bb0b0bdb3cc63214613fb16aced4"},
    {file = "numpy-1.19.2-cp37-cp37m-manylinux1_i686.whl", hash = "sha256:eb25c381d168daf351147713f49c626030dcff7a393d5caa62515d415a6071d8"},
    {file = "numpy-1.19.2-cp37-cp37m-manylinux1_x86_64.whl", hash = "sha256:62139af94728d22350a571b7c82795b9d59be77fc162414ada6c8b6a10ef5d02"},
    {file = "numpy-1.19.2-cp37-cp37m-manylinux2010_i686.whl", hash = "sha256:0c66da1d202c52051625e55a249da35b31f65a81cb56e4c69af0dfb8fb0125bf"},
    {file = "numpy-1.19.2-cp37-cp37m-manylinux2010_x86_64.whl", hash = "sha256:2117536e968abb7357d34d754e3733b0d7113d4c9f1d921f21a3d96dec5ff716"},
    {file = "numpy-1.19.2-cp37-cp37m-manylinux2014_aarch64.whl", hash = "sha256:54045b198aebf41bf6bf4088012777c1d11703bf74461d70cd350c0af2182e45"},
    {file = "numpy-1.19.2-cp37-cp37m-win32.whl", hash = "sha256:aba1d5daf1144b956bc87ffb87966791f5e9f3e1f6fab3d7f581db1f5b598f7a"},
    {file = "numpy-1.19.2-cp37-cp37m-win_amd64.whl", hash = "sha256:addaa551b298052c16885fc70408d3848d4e2e7352de4e7a1e13e691abc734c1"},
    {file = "numpy-1.19.2-cp38-cp38-macosx_10_9_x86_64.whl", hash = "sha256:58d66a6b3b55178a1f8a5fe98df26ace76260a70de694d99577ddeab7eaa9a9d"},
    {file = "numpy-1.19.2-cp38-cp38-manylinux1_i686.whl", hash = "sha256:59f3d687faea7a4f7f93bd9665e5b102f32f3fa28514f15b126f099b7997203d"},
    {file = "numpy-1.19.2-cp38-cp38-manylinux1_x86_64.whl", hash = "sha256:cebd4f4e64cfe87f2039e4725781f6326a61f095bc77b3716502bed812b385a9"},
    {file = "numpy-1.19.2-cp38-cp38-manylinux2010_i686.whl", hash = "sha256:c35a01777f81e7333bcf276b605f39c872e28295441c265cd0c860f4b40148c1"},
    {file = "numpy-1.19.2-cp38-cp38-manylinux2010_x86_64.whl", hash = "sha256:d7ac33585e1f09e7345aa902c281bd777fdb792432d27fca857f39b70e5dd31c"},
    {file = "numpy-1.19.2-cp38-cp38-manylinux2014_aarch64.whl", hash = "sha256:04c7d4ebc5ff93d9822075ddb1751ff392a4375e5885299445fcebf877f179d5"},
    {file = "numpy-1.19.2-cp38-cp38-win32.whl", hash = "sha256:51ee93e1fac3fe08ef54ff1c7f329db64d8a9c5557e6c8e908be9497ac76374b"},
    {file = "numpy-1.19.2-cp38-cp38-win_amd64.whl", hash = "sha256:1669ec8e42f169ff715a904c9b2105b6640f3f2a4c4c2cb4920ae8b2785dac65"},
    {file = "numpy-1.19.2-pp36-pypy36_pp73-manylinux2010_x86_64.whl", hash = "sha256:0bfd85053d1e9f60234f28f63d4a5147ada7f432943c113a11afcf3e65d9d4c8"},
    {file = "numpy-1.19.2.zip", hash = "sha256:0d310730e1e793527065ad7dde736197b705d0e4c9999775f212b03c44a8484c"},
]
packaging = [
    {file = "packaging-20.4-py2.py3-none-any.whl", hash = "sha256:998416ba6962ae7fbd6596850b80e17859a5753ba17c32284f67bfff33784181"},
    {file = "packaging-20.4.tar.gz", hash = "sha256:4357f74f47b9c12db93624a82154e9b120fa8293699949152b22065d556079f8"},
]
pyparsing = [
    {file = "pyparsing-2.4.7-py2.py3-none-any.whl", hash = "sha256:ef9d7589ef3c200abe66653d3f1ab1033c3c419ae9b9bdb1240a85b024efc88b"},
    {file = "pyparsing-2.4.7.tar.gz", hash = "sha256:c203ec8783bf771a155b207279b9bccb8dea02d8f0c9e5f8ead507bc3246ecc1"},
]
regex = [
    {file = "regex-2020.9.27-cp27-cp27m-win32.whl", hash = "sha256:d23a18037313714fb3bb5a94434d3151ee4300bae631894b1ac08111abeaa4a3"},
    {file = "regex-2020.9.27-cp27-cp27m-win_amd64.whl", hash = "sha256:84e9407db1b2eb368b7ecc283121b5e592c9aaedbe8c78b1a2f1102eb2e21d19"},
    {file = "regex-2020.9.27-cp36-cp36m-manylinux1_i686.whl", hash = "sha256:5f18875ac23d9aa2f060838e8b79093e8bb2313dbaaa9f54c6d8e52a5df097be"},
    {file = "regex-2020.9.27-cp36-cp36m-manylinux1_x86_64.whl", hash = "sha256:ae91972f8ac958039920ef6e8769277c084971a142ce2b660691793ae44aae6b"},
    {file = "regex-2020.9.27-cp36-cp36m-manylinux2010_i686.whl", hash = "sha256:9a02d0ae31d35e1ec12a4ea4d4cca990800f66a917d0fb997b20fbc13f5321fc"},
    {file = "regex-2020.9.27-cp36-cp36m-manylinux2010_x86_64.whl", hash = "sha256:ebbe29186a3d9b0c591e71b7393f1ae08c83cb2d8e517d2a822b8f7ec99dfd8b"},
    {file = "regex-2020.9.27-cp36-cp36m-win32.whl", hash = "sha256:4707f3695b34335afdfb09be3802c87fa0bc27030471dbc082f815f23688bc63"},
    {file = "regex-2020.9.27-cp36-cp36m-win_amd64.whl", hash = "sha256:9bc13e0d20b97ffb07821aa3e113f9998e84994fe4d159ffa3d3a9d1b805043b"},
    {file = "regex-2020.9.27-cp37-cp37m-manylinux1_i686.whl", hash = "sha256:f1b3afc574a3db3b25c89161059d857bd4909a1269b0b3cb3c904677c8c4a3f7"},
    {file = "regex-2020.9.27-cp37-cp37m-manylinux1_x86_64.whl", hash = "sha256:5533a959a1748a5c042a6da71fe9267a908e21eded7a4f373efd23a2cbdb0ecc"},
    {file = "regex-2020.9.27-cp37-cp37m-manylinux2010_i686.whl", hash = "sha256:1fe0a41437bbd06063aa184c34804efa886bcc128222e9916310c92cd54c3b4c"},
    {file = "regex-2020.9.27-cp37-cp37m-manylinux2010_x86_64.whl", hash = "sha256:c570f6fa14b9c4c8a4924aaad354652366577b4f98213cf76305067144f7b100"},
    {file = "regex-2020.9.27-cp37-cp37m-win32.whl", hash = "sha256:eda4771e0ace7f67f58bc5b560e27fb20f32a148cbc993b0c3835970935c2707"},
    {file = "regex-2020.9.27-cp37-cp37m-win_amd64.whl", hash = "sha256:60b0e9e6dc45683e569ec37c55ac20c582973841927a85f2d8a7d20ee80216ab"},
    {file = "regex-2020.9.27-cp38-cp38-manylinux1_i686.whl", hash = "sha256:088afc8c63e7bd187a3c70a94b9e50ab3f17e1d3f52a32750b5b77dbe99ef5ef"},
    {file = "regex-2020.9.27-cp38-cp38-manylinux1_x86_64.whl", hash = "sha256:eaf548d117b6737df379fdd53bdde4f08870e66d7ea653e230477f071f861121"},
    {file = "regex-2020.9.27-cp38-cp38-manylinux2010_i686.whl", hash = "sha256:41bb65f54bba392643557e617316d0d899ed5b4946dccee1cb6696152b29844b"},
    {file = "regex-2020.9.27-cp38-cp38-manylinux2010_x86_64.whl", hash = "sha256:8d69cef61fa50c8133382e61fd97439de1ae623fe943578e477e76a9d9471637"},
    {file = "regex-2020.9.27-cp38-cp38-win32.whl", hash = "sha256:f2388013e68e750eaa16ccbea62d4130180c26abb1d8e5d584b9baf69672b30f"},
    {file = "regex-2020.9.27-cp38-cp38-win_amd64.whl", hash = "sha256:4318d56bccfe7d43e5addb272406ade7a2274da4b70eb15922a071c58ab0108c"},
    {file = "regex-2020.9.27.tar.gz", hash = "sha256:a6f32aea4260dfe0e55dc9733ea162ea38f0ea86aa7d0f77b15beac5bf7b369d"},
]
requests = [
    {file = "requests-2.24.0-py2.py3-none-any.whl", hash = "sha256:fe75cc94a9443b9246fc7049224f75604b113c36acb93f87b80ed42c44cbb898"},
    {file = "requests-2.24.0.tar.gz", hash = "sha256:b3559a131db72c33ee969480840fff4bb6dd111de7dd27c8ee1f820f4f00231b"},
]
sacremoses = [
    {file = "sacremoses-0.0.43.tar.gz", hash = "sha256:123c1bf2664351fb05e16f87d3786dbe44a050cfd7b85161c09ad9a63a8e2948"},
]
scikit-learn = [
    {file = "scikit-learn-0.23.2.tar.gz", hash = "sha256:20766f515e6cd6f954554387dfae705d93c7b544ec0e6c6a5d8e006f6f7ef480"},
    {file = "scikit_learn-0.23.2-cp36-cp36m-macosx_10_9_x86_64.whl", hash = "sha256:98508723f44c61896a4e15894b2016762a55555fbf09365a0bb1870ecbd442de"},
    {file = "scikit_learn-0.23.2-cp36-cp36m-manylinux1_i686.whl", hash = "sha256:a64817b050efd50f9abcfd311870073e500ae11b299683a519fbb52d85e08d25"},
    {file = "scikit_learn-0.23.2-cp36-cp36m-manylinux1_x86_64.whl", hash = "sha256:daf276c465c38ef736a79bd79fc80a249f746bcbcae50c40945428f7ece074f8"},
    {file = "scikit_learn-0.23.2-cp36-cp36m-win32.whl", hash = "sha256:cb3e76380312e1f86abd20340ab1d5b3cc46a26f6593d3c33c9ea3e4c7134028"},
    {file = "scikit_learn-0.23.2-cp36-cp36m-win_amd64.whl", hash = "sha256:0a127cc70990d4c15b1019680bfedc7fec6c23d14d3719fdf9b64b22d37cdeca"},
    {file = "scikit_learn-0.23.2-cp37-cp37m-macosx_10_9_x86_64.whl", hash = "sha256:2aa95c2f17d2f80534156215c87bee72b6aa314a7f8b8fe92a2d71f47280570d"},
    {file = "scikit_learn-0.23.2-cp37-cp37m-manylinux1_i686.whl", hash = "sha256:6c28a1d00aae7c3c9568f61aafeaad813f0f01c729bee4fd9479e2132b215c1d"},
    {file = "scikit_learn-0.23.2-cp37-cp37m-manylinux1_x86_64.whl", hash = "sha256:da8e7c302003dd765d92a5616678e591f347460ac7b53e53d667be7dfe6d1b10"},
    {file = "scikit_learn-0.23.2-cp37-cp37m-win32.whl", hash = "sha256:d9a1ce5f099f29c7c33181cc4386660e0ba891b21a60dc036bf369e3a3ee3aec"},
    {file = "scikit_learn-0.23.2-cp37-cp37m-win_amd64.whl", hash = "sha256:914ac2b45a058d3f1338d7736200f7f3b094857758895f8667be8a81ff443b5b"},
    {file = "scikit_learn-0.23.2-cp38-cp38-macosx_10_9_x86_64.whl", hash = "sha256:7671bbeddd7f4f9a6968f3b5442dac5f22bf1ba06709ef888cc9132ad354a9ab"},
    {file = "scikit_learn-0.23.2-cp38-cp38-manylinux1_i686.whl", hash = "sha256:d0dcaa54263307075cb93d0bee3ceb02821093b1b3d25f66021987d305d01dce"},
    {file = "scikit_learn-0.23.2-cp38-cp38-manylinux1_x86_64.whl", hash = "sha256:5ce7a8021c9defc2b75620571b350acc4a7d9763c25b7593621ef50f3bd019a2"},
    {file = "scikit_learn-0.23.2-cp38-cp38-win32.whl", hash = "sha256:0d39748e7c9669ba648acf40fb3ce96b8a07b240db6888563a7cb76e05e0d9cc"},
    {file = "scikit_learn-0.23.2-cp38-cp38-win_amd64.whl", hash = "sha256:1b8a391de95f6285a2f9adffb7db0892718950954b7149a70c783dc848f104ea"},
]
scipy = [
    {file = "scipy-1.5.2-cp36-cp36m-macosx_10_9_x86_64.whl", hash = "sha256:cca9fce15109a36a0a9f9cfc64f870f1c140cb235ddf27fe0328e6afb44dfed0"},
    {file = "scipy-1.5.2-cp36-cp36m-manylinux1_i686.whl", hash = "sha256:1c7564a4810c1cd77fcdee7fa726d7d39d4e2695ad252d7c86c3ea9d85b7fb8f"},
    {file = "scipy-1.5.2-cp36-cp36m-manylinux1_x86_64.whl", hash = "sha256:07e52b316b40a4f001667d1ad4eb5f2318738de34597bd91537851365b6c61f1"},
    {file = "scipy-1.5.2-cp36-cp36m-win32.whl", hash = "sha256:d56b10d8ed72ec1be76bf10508446df60954f08a41c2d40778bc29a3a9ad9bce"},
    {file = "scipy-1.5.2-cp36-cp36m-win_amd64.whl", hash = "sha256:8e28e74b97fc8d6aa0454989db3b5d36fc27e69cef39a7ee5eaf8174ca1123cb"},
    {file = "scipy-1.5.2-cp37-cp37m-macosx_10_9_x86_64.whl", hash = "sha256:6e86c873fe1335d88b7a4bfa09d021f27a9e753758fd75f3f92d714aa4093768"},
    {file = "scipy-1.5.2-cp37-cp37m-manylinux1_i686.whl", hash = "sha256:a0afbb967fd2c98efad5f4c24439a640d39463282040a88e8e928db647d8ac3d"},
    {file = "scipy-1.5.2-cp37-cp37m-manylinux1_x86_64.whl", hash = "sha256:eecf40fa87eeda53e8e11d265ff2254729d04000cd40bae648e76ff268885d66"},
    {file = "scipy-1.5.2-cp37-cp37m-win32.whl", hash = "sha256:315aa2165aca31375f4e26c230188db192ed901761390be908c9b21d8b07df62"},
    {file = "scipy-1.5.2-cp37-cp37m-win_amd64.whl", hash = "sha256:ec5fe57e46828d034775b00cd625c4a7b5c7d2e354c3b258d820c6c72212a6ec"},
    {file = "scipy-1.5.2-cp38-cp38-macosx_10_9_x86_64.whl", hash = "sha256:fc98f3eac993b9bfdd392e675dfe19850cc8c7246a8fd2b42443e506344be7d9"},
    {file = "scipy-1.5.2-cp38-cp38-manylinux1_i686.whl", hash = "sha256:a785409c0fa51764766840185a34f96a0a93527a0ff0230484d33a8ed085c8f8"},
    {file = "scipy-1.5.2-cp38-cp38-manylinux1_x86_64.whl", hash = "sha256:0a0e9a4e58a4734c2eba917f834b25b7e3b6dc333901ce7784fd31aefbd37b2f"},
    {file = "scipy-1.5.2-cp38-cp38-win32.whl", hash = "sha256:dac09281a0eacd59974e24525a3bc90fa39b4e95177e638a31b14db60d3fa806"},
    {file = "scipy-1.5.2-cp38-cp38-win_amd64.whl", hash = "sha256:92eb04041d371fea828858e4fff182453c25ae3eaa8782d9b6c32b25857d23bc"},
    {file = "scipy-1.5.2.tar.gz", hash = "sha256:066c513d90eb3fd7567a9e150828d39111ebd88d3e924cdfc9f8ce19ab6f90c9"},
]
sentencepiece = [
    {file = "sentencepiece-0.1.91-cp27-cp27m-macosx_10_6_x86_64.whl", hash = "sha256:f2f109514b28326d5c6d69b43ba6b08e6fedf8fc77416b9a9c16be55c9ac138d"},
    {file = "sentencepiece-0.1.91-cp27-cp27m-manylinux1_i686.whl", hash = "sha256:b3643634e043fd7a5914d51d7dc60003dad0af976b8496df0406a487b0b83a8e"},
    {file = "sentencepiece-0.1.91-cp27-cp27m-manylinux1_x86_64.whl", hash = "sha256:21a2e9f476f0c3e45da1e5da00b7ec5241bbddb524bd7b1b3d61b1bcbc05efa6"},
    {file = "sentencepiece-0.1.91-cp27-cp27mu-manylinux1_i686.whl", hash = "sha256:30224b1f77af9cef79ffe3a40ed0e536be44df75c066f771e9e769b48379bd98"},
    {file = "sentencepiece-0.1.91-cp27-cp27mu-manylinux1_x86_64.whl", hash = "sha256:679fcdd01e01d990950a46a814210445f2202260d092d3b69f9826739d8aed2b"},
    {file = "sentencepiece-0.1.91-cp35-cp35m-macosx_10_6_x86_64.whl", hash = "sha256:123ac26429025b3153f8bae53d044e9dd29539e888dcb9f39a4982e6daf9dbe9"},
    {file = "sentencepiece-0.1.91-cp35-cp35m-manylinux1_i686.whl", hash = "sha256:53f4a91c8a6b55a75caad70d9f34bf331a576e9708c549729b06412c857aacb9"},
    {file = "sentencepiece-0.1.91-cp35-cp35m-manylinux1_x86_64.whl", hash = "sha256:f1c0cf36fcff4a3ea8925babc3ed7f5f3d58628e062b24f9fad92c400bc9210c"},
    {file = "sentencepiece-0.1.91-cp36-cp36m-macosx_10_6_x86_64.whl", hash = "sha256:c0b01bb8ab3b62aba76d6b0851a1d0fcf5df5ef5616f114ea85917d8ab5f59db"},
    {file = "sentencepiece-0.1.91-cp36-cp36m-manylinux1_i686.whl", hash = "sha256:70b4164c98dba43246a068c848fab5ac9966b5bcd731ee4cb9bcf6ae976389a4"},
    {file = "sentencepiece-0.1.91-cp36-cp36m-manylinux1_x86_64.whl", hash = "sha256:b858805ac3c6d92e5454a89476b1f9e0505e1511276cd258d5a70776c70374f1"},
    {file = "sentencepiece-0.1.91-cp36-cp36m-win32.whl", hash = "sha256:8bbb9173168d53165ba00172a5db7734e4826c30e6ffc4b3f8a6098713f6111d"},
    {file = "sentencepiece-0.1.91-cp36-cp36m-win_amd64.whl", hash = "sha256:51c25d504beeef4c697b8f55e2baf7c6b31733a190ff9b983a6db57faa59d3d8"},
    {file = "sentencepiece-0.1.91-cp37-cp37m-macosx_10_6_x86_64.whl", hash = "sha256:a04218f1b93b5669f3cee1dc8d6c397428e2f6af8843a20ddb2b629f6a86e632"},
    {file = "sentencepiece-0.1.91-cp37-cp37m-manylinux1_i686.whl", hash = "sha256:7fcda06cab76136346dd279268664c65f0b66bb2147ceb97e2cec25b426e8210"},
    {file = "sentencepiece-0.1.91-cp37-cp37m-manylinux1_x86_64.whl", hash = "sha256:3b4175a9d883a3b27436d51cb82794e3a62d0955bb36cc96d5d7932095c13135"},
    {file = "sentencepiece-0.1.91-cp37-cp37m-win32.whl", hash = "sha256:f0b383de68604195fe806072e7c8837eb5156455dfdb18fd26a9a94df3f57d42"},
    {file = "sentencepiece-0.1.91-cp37-cp37m-win_amd64.whl", hash = "sha256:82d819eb1e997b39424d7422aa885d2ef514f754dd2935a4f4fcfdedeee955c6"},
    {file = "sentencepiece-0.1.91-cp38-cp38-macosx_10_6_x86_64.whl", hash = "sha256:f331fd58f438d5d5476d189e9a4944c84f7e4b027533809292b9c119b58e43b8"},
    {file = "sentencepiece-0.1.91-cp38-cp38-manylinux1_i686.whl", hash = "sha256:79ad2f82b412859c516b569fb89b5e5c0ceba74d71c8d4b99cc8a2c734f3c79d"},
    {file = "sentencepiece-0.1.91-cp38-cp38-manylinux1_x86_64.whl", hash = "sha256:796726d680d6c26f0f4ff213a0f6b1ef790b02071268adf5f449739c1c903f93"},
    {file = "sentencepiece-0.1.91-cp38-cp38-win32.whl", hash = "sha256:9bdff324279359598a516de8413fd2c62bc3c9c8f569f4431829599fbe57e417"},
    {file = "sentencepiece-0.1.91-cp38-cp38-win_amd64.whl", hash = "sha256:c2a004470d388272d6c17ca160ef73d6ea1ffcddc345771d817ece5c85d85dcb"},
    {file = "sentencepiece-0.1.91.tar.gz", hash = "sha256:f9700cf607ea064d9fad34c751fbf49953dcc56fe68c54b277481aa0aec5c18f"},
]
six = [
    {file = "six-1.15.0-py2.py3-none-any.whl", hash = "sha256:8b74bedcbbbaca38ff6d7491d76f2b06b3592611af620f8426e82dddb04a5ced"},
    {file = "six-1.15.0.tar.gz", hash = "sha256:30639c035cdb23534cd4aa2dd52c3bf48f06e5f4a941509c8bafd8ce11080259"},
]
threadpoolctl = [
    {file = "threadpoolctl-2.1.0-py3-none-any.whl", hash = "sha256:38b74ca20ff3bb42caca8b00055111d74159ee95c4370882bbff2b93d24da725"},
    {file = "threadpoolctl-2.1.0.tar.gz", hash = "sha256:ddc57c96a38beb63db45d6c159b5ab07b6bced12c45a1f07b2b92f272aebfa6b"},
]
tokenizers = [
    {file = "tokenizers-0.8.1rc2-cp35-cp35m-macosx_10_14_x86_64.whl", hash = "sha256:43d1f68b894ebdc60480375f87864d4376ddccebe0ad6988b86c2dd525d58376"},
    {file = "tokenizers-0.8.1rc2-cp35-cp35m-manylinux1_x86_64.whl", hash = "sha256:4855c6d1b59cb31c6182dc8ae7a66e1a088f744cd99f2437f585e36bc0399b6e"},
    {file = "tokenizers-0.8.1rc2-cp35-cp35m-win32.whl", hash = "sha256:f8b901bfca97cbb94cfa2881bc51388dba7385f5494c70778842e5039d5d14e5"},
    {file = "tokenizers-0.8.1rc2-cp35-cp35m-win_amd64.whl", hash = "sha256:e92fb6dffb5793563266b1c151846fac60bbb2525b40a49652e0a07854596f25"},
    {file = "tokenizers-0.8.1rc2-cp36-cp36m-macosx_10_14_x86_64.whl", hash = "sha256:c7982733bb821934a5e53f4b4825edda3c5435b32a1705209b36d44c32215621"},
    {file = "tokenizers-0.8.1rc2-cp36-cp36m-manylinux1_x86_64.whl", hash = "sha256:22b775f07de4255e1d4aeab358064574384cacbdc1f2a67c2defc7f7bfa429ea"},
    {file = "tokenizers-0.8.1rc2-cp36-cp36m-win32.whl", hash = "sha256:fb37429f2d8c00cf6c5aec8404f355772cb5afb54adb3e5e8a2a0a2d1095433a"},
    {file = "tokenizers-0.8.1rc2-cp36-cp36m-win_amd64.whl", hash = "sha256:f29e45b0f31ca680d64890ad292569da804f44db6d160b50e7e8a2ae639db988"},
    {file = "tokenizers-0.8.1rc2-cp37-cp37m-macosx_10_14_x86_64.whl", hash = "sha256:38e08cfd4ed6f84fd51af9f9a2f1899cef91d47060dd2190e7c5490cef770072"},
    {file = "tokenizers-0.8.1rc2-cp37-cp37m-manylinux1_x86_64.whl", hash = "sha256:f9adb89b46df83807c324e74177d776d5ebccacb9694568094f7335de9b5a759"},
    {file = "tokenizers-0.8.1rc2-cp37-cp37m-win32.whl", hash = "sha256:308dc517d188a6dae2386d230df373834fabfec1f8c32fc77a8539364ce00d86"},
    {file = "tokenizers-0.8.1rc2-cp37-cp37m-win_amd64.whl", hash = "sha256:49fe908cb2baa2c8fd666a7ff32cbed04f7269dbc36da29091c1444ccf9910f5"},
    {file = "tokenizers-0.8.1rc2-cp38-cp38-macosx_10_14_x86_64.whl", hash = "sha256:a416bd2d6954ffe0b10ff5cef8cd5b99a68a041988af644d4dd7d1451511673d"},
    {file = "tokenizers-0.8.1rc2-cp38-cp38-manylinux1_x86_64.whl", hash = "sha256:0fe77daab9b92bad46f8b74cff0aaf6676cdec61d0e7d321ee8a3946e60aa78c"},
    {file = "tokenizers-0.8.1rc2-cp38-cp38-win32.whl", hash = "sha256:3880731fa4f1873e779bccaacc1f8f262fa6ffc7aae43be65f2815d54763be11"},
    {file = "tokenizers-0.8.1rc2-cp38-cp38-win_amd64.whl", hash = "sha256:a863f813ece3e95618185e68d37560fc107f89d1a91608d23285294d1e414d8c"},
    {file = "tokenizers-0.8.1rc2.tar.gz", hash = "sha256:db9dcf9efd3cd6b2c994b1fbbdbb3961208d5b7291c1d722301005730c105eb3"},
]
torch = [
    {file = "torch-1.6.0-cp36-cp36m-manylinux1_x86_64.whl", hash = "sha256:7669f4d923b5758e28b521ea749c795ed67ff24b45ba20296bc8cff706d08df8"},
    {file = "torch-1.6.0-cp36-none-macosx_10_9_x86_64.whl", hash = "sha256:728facb972a5952323c6d790c2c5922b2b35c44b0bc7bdfa02f8639727671a0c"},
    {file = "torch-1.6.0-cp37-cp37m-manylinux1_x86_64.whl", hash = "sha256:87d65c01d1b70bb46070824f28bfd93c86d3c5c56b90cbbe836a3f2491d91c76"},
    {file = "torch-1.6.0-cp37-none-macosx_10_9_x86_64.whl", hash = "sha256:3838bd01af7dfb1f78573973f6842ce75b17e8e4f22be99c891dcb7c94bc13f5"},
    {file = "torch-1.6.0-cp38-cp38-manylinux1_x86_64.whl", hash = "sha256:5357873e243bcfa804c32dc341f564e9a4c12addfc9baae4ee857fcc09a0a216"},
    {file = "torch-1.6.0-cp38-none-macosx_10_9_x86_64.whl", hash = "sha256:4f9a4ad7947cef566afb0a323d99009fe8524f0b0f2ca1fb7ad5de0400381a5b"},
]
tqdm = [
    {file = "tqdm-4.50.2-py2.py3-none-any.whl", hash = "sha256:43ca183da3367578ebf2f1c2e3111d51ea161ed1dc4e6345b86e27c2a93beff7"},
    {file = "tqdm-4.50.2.tar.gz", hash = "sha256:69dfa6714dee976e2425a9aab84b622675b7b1742873041e3db8a8e86132a4af"},
]
transformers = [
    {file = "transformers-3.3.1-py3-none-any.whl", hash = "sha256:0049a3ebe2304bea3bd3cd9336607a8500959133785fb9fec4fb8c075e76fd1d"},
    {file = "transformers-3.3.1.tar.gz", hash = "sha256:43182d691496e4d9550778823fbba6ce790a14027477aaa1830a85be89af7908"},
]
urllib3 = [
    {file = "urllib3-1.25.10-py2.py3-none-any.whl", hash = "sha256:e7983572181f5e1522d9c98453462384ee92a0be7fac5f1413a1e35c56cc0461"},
    {file = "urllib3-1.25.10.tar.gz", hash = "sha256:91056c15fa70756691db97756772bb1eb9678fa585d9184f24534b100dc60f4a"},
]
